
Microsoft Visual Studio Solution File, Format Version 12.00
# Visual Studio Version 17
VisualStudioVersion = 17.4.33213.308
MinimumVisualStudioVersion = 10.0.40219.1
Project("{F184B08F-C81C-45F6-A57F-5ABD9991F28F}") = "list_example", "list_example\list_example.vbproj", "{72E72A4B-2721-4AB3-BF40-7257678D331C}"
EndProject
Global
	GlobalSection(SolutionConfigurationPlatforms) = preSolution
		Debug|Any CPU = Debug|Any CPU
		Release|Any CPU = Release|Any CPU
	EndGlobalSection
	GlobalSection(ProjectConfigurationPlatforms) = postSolution
		{72E72A4B-2721-4AB3-BF40-7257678D331C}.Debug|Any CPU.ActiveCfg = Debug|Any CPU
		{72E72A4B-2721-4AB3-BF40-7257678D331C}.Debug|Any CPU.Build.0 = Debug|Any CPU
		{72E72A4B-2721-4AB3-BF40-7257678D331C}.Release|Any CPU.ActiveCfg = Release|Any CPU
		{72E72A4B-2721-4AB3-BF40-7257678D331C}.Release|Any CPU.Build.0 = Release|Any CPU
	EndGlobalSection
	GlobalSection(SolutionProperties) = preSolution
		HideSolutionNode = FALSE
	EndGlobalSection
	GlobalSection(ExtensibilityGlobals) = postSolution
		SolutionGuid = {7201C07C-5852-4C6D-B502-C1A13695452B}
	EndGlobalSection
EndGlobal
