
Microsoft Visual Studio Solution File, Format Version 12.00
# Visual Studio Version 17
VisualStudioVersion = 17.4.33213.308
MinimumVisualStudioVersion = 10.0.40219.1
Project("{F184B08F-C81C-45F6-A57F-5ABD9991F28F}") = "Sorting operators", "Sorting operators\Sorting operators.vbproj", "{B9806360-76BF-41B9-B3E9-A578986BB15C}"
EndProject
Global
	GlobalSection(SolutionConfigurationPlatforms) = preSolution
		Debug|Any CPU = Debug|Any CPU
		Release|Any CPU = Release|Any CPU
	EndGlobalSection
	GlobalSection(ProjectConfigurationPlatforms) = postSolution
		{B9806360-76BF-41B9-B3E9-A578986BB15C}.Debug|Any CPU.ActiveCfg = Debug|Any CPU
		{B9806360-76BF-41B9-B3E9-A578986BB15C}.Debug|Any CPU.Build.0 = Debug|Any CPU
		{B9806360-76BF-41B9-B3E9-A578986BB15C}.Release|Any CPU.ActiveCfg = Release|Any CPU
		{B9806360-76BF-41B9-B3E9-A578986BB15C}.Release|Any CPU.Build.0 = Release|Any CPU
	EndGlobalSection
	GlobalSection(SolutionProperties) = preSolution
		HideSolutionNode = FALSE
	EndGlobalSection
	GlobalSection(ExtensibilityGlobals) = postSolution
		SolutionGuid = {24D81149-E797-4150-8661-35B9477B1A9A}
	EndGlobalSection
EndGlobal
