
Microsoft Visual Studio Solution File, Format Version 12.00
# Visual Studio Version 17
VisualStudioVersion = 17.4.33213.308
MinimumVisualStudioVersion = 10.0.40219.1
Project("{FAE04EC0-301F-11D3-BF4B-00C04F79EFBC}") = "WinFormsApp3", "WinFormsApp3\WinFormsApp3.csproj", "{55FB293A-3D24-42A2-878C-DCCD127A0B8F}"
EndProject
Global
	GlobalSection(SolutionConfigurationPlatforms) = preSolution
		Debug|Any CPU = Debug|Any CPU
		Release|Any CPU = Release|Any CPU
	EndGlobalSection
	GlobalSection(ProjectConfigurationPlatforms) = postSolution
		{55FB293A-3D24-42A2-878C-DCCD127A0B8F}.Debug|Any CPU.ActiveCfg = Debug|Any CPU
		{55FB293A-3D24-42A2-878C-DCCD127A0B8F}.Debug|Any CPU.Build.0 = Debug|Any CPU
		{55FB293A-3D24-42A2-878C-DCCD127A0B8F}.Release|Any CPU.ActiveCfg = Release|Any CPU
		{55FB293A-3D24-42A2-878C-DCCD127A0B8F}.Release|Any CPU.Build.0 = Release|Any CPU
	EndGlobalSection
	GlobalSection(SolutionProperties) = preSolution
		HideSolutionNode = FALSE
	EndGlobalSection
	GlobalSection(ExtensibilityGlobals) = postSolution
		SolutionGuid = {139C050D-D2B9-423C-A6E6-24927F62E3C4}
	EndGlobalSection
EndGlobal
